
Microsoft Visual Studio Solution File, Format Version 12.00
Project("{FAE04EC0-301F-11D3-BF4B-00C04F79EFBC}") = "FakeItEasy.Capture", "FakeItEasy.Capture\FakeItEasy.Capture.csproj", "{E3BBB4E5-09E5-40D4-A4E9-23A0F3CF1A2F}"
EndProject
Project("{FAE04EC0-301F-11D3-BF4B-00C04F79EFBC}") = "FakeItEasy.Capture.Sandbox", "FakeItEasy.Capture.Sandbox\FakeItEasy.Capture.Sandbox.csproj", "{5940BD2D-C962-4B95-A0E3-01D1C85725E0}"
EndProject
Project("{2150E333-8FDC-42A3-9474-1A3956D46DE8}") = "Nuget", "Nuget", "{EA5A620A-75E5-4B43-A9FA-4DF318824FDA}"
ProjectSection(SolutionItems) = preProject
	..\nuget\FakeItEasy.Capture.nuspec = ..\nuget\FakeItEasy.Capture.nuspec
EndProjectSection
EndProject
Project("{FAE04EC0-301F-11D3-BF4B-00C04F79EFBC}") = "FakeItEasy.Capture.Tests", "FakeItEasy.Capture.Tests\FakeItEasy.Capture.Tests.csproj", "{CF71D7E6-A824-4205-A1B1-7A6351186C5D}"
EndProject
Global
	GlobalSection(SolutionConfigurationPlatforms) = preSolution
		Debug|Any CPU = Debug|Any CPU
		Release|Any CPU = Release|Any CPU
	EndGlobalSection
	GlobalSection(ProjectConfigurationPlatforms) = postSolution
		{E3BBB4E5-09E5-40D4-A4E9-23A0F3CF1A2F}.Debug|Any CPU.ActiveCfg = Debug|Any CPU
		{E3BBB4E5-09E5-40D4-A4E9-23A0F3CF1A2F}.Debug|Any CPU.Build.0 = Debug|Any CPU
		{E3BBB4E5-09E5-40D4-A4E9-23A0F3CF1A2F}.Release|Any CPU.ActiveCfg = Release|Any CPU
		{E3BBB4E5-09E5-40D4-A4E9-23A0F3CF1A2F}.Release|Any CPU.Build.0 = Release|Any CPU
		{5940BD2D-C962-4B95-A0E3-01D1C85725E0}.Debug|Any CPU.ActiveCfg = Debug|Any CPU
		{5940BD2D-C962-4B95-A0E3-01D1C85725E0}.Debug|Any CPU.Build.0 = Debug|Any CPU
		{5940BD2D-C962-4B95-A0E3-01D1C85725E0}.Release|Any CPU.ActiveCfg = Release|Any CPU
		{5940BD2D-C962-4B95-A0E3-01D1C85725E0}.Release|Any CPU.Build.0 = Release|Any CPU
		{CF71D7E6-A824-4205-A1B1-7A6351186C5D}.Debug|Any CPU.ActiveCfg = Debug|Any CPU
		{CF71D7E6-A824-4205-A1B1-7A6351186C5D}.Debug|Any CPU.Build.0 = Debug|Any CPU
		{CF71D7E6-A824-4205-A1B1-7A6351186C5D}.Release|Any CPU.ActiveCfg = Release|Any CPU
		{CF71D7E6-A824-4205-A1B1-7A6351186C5D}.Release|Any CPU.Build.0 = Release|Any CPU
	EndGlobalSection
EndGlobal
